
Microsoft Visual Studio Solution File, Format Version 12.00
# Visual Studio Version 17
VisualStudioVersion = 17.0.31903.59
MinimumVisualStudioVersion = 10.0.40219.1
Project("{2150E333-8FDC-42A3-9474-1A3956D46DE8}") = "src", "src", "{827E0CD3-B72D-47B6-A68D-7590B98EB39B}"
EndProject
Project("{FAE04EC0-301F-11D3-BF4B-00C04F79EFBC}") = "Parser.Contracts", "src\Parser.Contracts\Parser.Contracts.csproj", "{0DD72505-5436-441D-9ADC-A1EDB64B1A36}"
EndProject
Project("{FAE04EC0-301F-11D3-BF4B-00C04F79EFBC}") = "TSqlParser", "src\TSqlParser\TSqlParser.csproj", "{A385258E-CF1E-4BF6-9291-1C4E381EB2AB}"
EndProject
Project("{FAE04EC0-301F-11D3-BF4B-00C04F79EFBC}") = "NetParser", "src\NetParser\NetParser.csproj", "{502004F8-FD77-4E14-B239-46F8AFDB9590}"
EndProject
Project("{FAE04EC0-301F-11D3-BF4B-00C04F79EFBC}") = "ParserGeneral", "src\ParserGeneral\ParserGeneral.csproj", "{381CACB1-D569-4662-BFF3-F8BBE3C4B55D}"
EndProject
Project("{2150E333-8FDC-42A3-9474-1A3956D46DE8}") = "tests", "tests", "{0AB3BF05-4346-4AA6-1389-037BE0695223}"
EndProject
Project("{FAE04EC0-301F-11D3-BF4B-00C04F79EFBC}") = "TSqlParser.Tests", "tests\TSqlParser.Tests\TSqlParser.Tests.csproj", "{99B46BE0-474E-42CA-8541-4B1A10A32DCC}"
EndProject
Global
	GlobalSection(SolutionConfigurationPlatforms) = preSolution
		Debug|Any CPU = Debug|Any CPU
		Debug|x64 = Debug|x64
		Debug|x86 = Debug|x86
		Release|Any CPU = Release|Any CPU
		Release|x64 = Release|x64
		Release|x86 = Release|x86
	EndGlobalSection
	GlobalSection(ProjectConfigurationPlatforms) = postSolution
		{0DD72505-5436-441D-9ADC-A1EDB64B1A36}.Debug|Any CPU.ActiveCfg = Debug|Any CPU
		{0DD72505-5436-441D-9ADC-A1EDB64B1A36}.Debug|Any CPU.Build.0 = Debug|Any CPU
		{0DD72505-5436-441D-9ADC-A1EDB64B1A36}.Debug|x64.ActiveCfg = Debug|Any CPU
		{0DD72505-5436-441D-9ADC-A1EDB64B1A36}.Debug|x64.Build.0 = Debug|Any CPU
		{0DD72505-5436-441D-9ADC-A1EDB64B1A36}.Debug|x86.ActiveCfg = Debug|Any CPU
		{0DD72505-5436-441D-9ADC-A1EDB64B1A36}.Debug|x86.Build.0 = Debug|Any CPU
		{0DD72505-5436-441D-9ADC-A1EDB64B1A36}.Release|Any CPU.ActiveCfg = Release|Any CPU
		{0DD72505-5436-441D-9ADC-A1EDB64B1A36}.Release|Any CPU.Build.0 = Release|Any CPU
		{0DD72505-5436-441D-9ADC-A1EDB64B1A36}.Release|x64.ActiveCfg = Release|Any CPU
		{0DD72505-5436-441D-9ADC-A1EDB64B1A36}.Release|x64.Build.0 = Release|Any CPU
		{0DD72505-5436-441D-9ADC-A1EDB64B1A36}.Release|x86.ActiveCfg = Release|Any CPU
		{0DD72505-5436-441D-9ADC-A1EDB64B1A36}.Release|x86.Build.0 = Release|Any CPU
		{A385258E-CF1E-4BF6-9291-1C4E381EB2AB}.Debug|Any CPU.ActiveCfg = Debug|Any CPU
		{A385258E-CF1E-4BF6-9291-1C4E381EB2AB}.Debug|Any CPU.Build.0 = Debug|Any CPU
		{A385258E-CF1E-4BF6-9291-1C4E381EB2AB}.Debug|x64.ActiveCfg = Debug|Any CPU
		{A385258E-CF1E-4BF6-9291-1C4E381EB2AB}.Debug|x64.Build.0 = Debug|Any CPU
		{A385258E-CF1E-4BF6-9291-1C4E381EB2AB}.Debug|x86.ActiveCfg = Debug|Any CPU
		{A385258E-CF1E-4BF6-9291-1C4E381EB2AB}.Debug|x86.Build.0 = Debug|Any CPU
		{A385258E-CF1E-4BF6-9291-1C4E381EB2AB}.Release|Any CPU.ActiveCfg = Release|Any CPU
		{A385258E-CF1E-4BF6-9291-1C4E381EB2AB}.Release|Any CPU.Build.0 = Release|Any CPU
		{A385258E-CF1E-4BF6-9291-1C4E381EB2AB}.Release|x64.ActiveCfg = Release|Any CPU
		{A385258E-CF1E-4BF6-9291-1C4E381EB2AB}.Release|x64.Build.0 = Release|Any CPU
		{A385258E-CF1E-4BF6-9291-1C4E381EB2AB}.Release|x86.ActiveCfg = Release|Any CPU
		{A385258E-CF1E-4BF6-9291-1C4E381EB2AB}.Release|x86.Build.0 = Release|Any CPU
		{502004F8-FD77-4E14-B239-46F8AFDB9590}.Debug|Any CPU.ActiveCfg = Debug|Any CPU
		{502004F8-FD77-4E14-B239-46F8AFDB9590}.Debug|Any CPU.Build.0 = Debug|Any CPU
		{502004F8-FD77-4E14-B239-46F8AFDB9590}.Debug|x64.ActiveCfg = Debug|Any CPU
		{502004F8-FD77-4E14-B239-46F8AFDB9590}.Debug|x64.Build.0 = Debug|Any CPU
		{502004F8-FD77-4E14-B239-46F8AFDB9590}.Debug|x86.ActiveCfg = Debug|Any CPU
		{502004F8-FD77-4E14-B239-46F8AFDB9590}.Debug|x86.Build.0 = Debug|Any CPU
		{502004F8-FD77-4E14-B239-46F8AFDB9590}.Release|Any CPU.ActiveCfg = Release|Any CPU
		{502004F8-FD77-4E14-B239-46F8AFDB9590}.Release|Any CPU.Build.0 = Release|Any CPU
		{502004F8-FD77-4E14-B239-46F8AFDB9590}.Release|x64.ActiveCfg = Release|Any CPU
		{502004F8-FD77-4E14-B239-46F8AFDB9590}.Release|x64.Build.0 = Release|Any CPU
		{502004F8-FD77-4E14-B239-46F8AFDB9590}.Release|x86.ActiveCfg = Release|Any CPU
		{502004F8-FD77-4E14-B239-46F8AFDB9590}.Release|x86.Build.0 = Release|Any CPU
		{381CACB1-D569-4662-BFF3-F8BBE3C4B55D}.Debug|Any CPU.ActiveCfg = Debug|Any CPU
		{381CACB1-D569-4662-BFF3-F8BBE3C4B55D}.Debug|Any CPU.Build.0 = Debug|Any CPU
		{381CACB1-D569-4662-BFF3-F8BBE3C4B55D}.Debug|x64.ActiveCfg = Debug|Any CPU
		{381CACB1-D569-4662-BFF3-F8BBE3C4B55D}.Debug|x64.Build.0 = Debug|Any CPU
		{381CACB1-D569-4662-BFF3-F8BBE3C4B55D}.Debug|x86.ActiveCfg = Debug|Any CPU
		{381CACB1-D569-4662-BFF3-F8BBE3C4B55D}.Debug|x86.Build.0 = Debug|Any CPU
		{381CACB1-D569-4662-BFF3-F8BBE3C4B55D}.Release|Any CPU.ActiveCfg = Release|Any CPU
		{381CACB1-D569-4662-BFF3-F8BBE3C4B55D}.Release|Any CPU.Build.0 = Release|Any CPU
		{381CACB1-D569-4662-BFF3-F8BBE3C4B55D}.Release|x64.ActiveCfg = Release|Any CPU
		{381CACB1-D569-4662-BFF3-F8BBE3C4B55D}.Release|x64.Build.0 = Release|Any CPU
		{381CACB1-D569-4662-BFF3-F8BBE3C4B55D}.Release|x86.ActiveCfg = Release|Any CPU
		{381CACB1-D569-4662-BFF3-F8BBE3C4B55D}.Release|x86.Build.0 = Release|Any CPU
		{99B46BE0-474E-42CA-8541-4B1A10A32DCC}.Debug|Any CPU.ActiveCfg = Debug|Any CPU
		{99B46BE0-474E-42CA-8541-4B1A10A32DCC}.Debug|Any CPU.Build.0 = Debug|Any CPU
		{99B46BE0-474E-42CA-8541-4B1A10A32DCC}.Debug|x64.ActiveCfg = Debug|Any CPU
		{99B46BE0-474E-42CA-8541-4B1A10A32DCC}.Debug|x64.Build.0 = Debug|Any CPU
		{99B46BE0-474E-42CA-8541-4B1A10A32DCC}.Debug|x86.ActiveCfg = Debug|Any CPU
		{99B46BE0-474E-42CA-8541-4B1A10A32DCC}.Debug|x86.Build.0 = Debug|Any CPU
		{99B46BE0-474E-42CA-8541-4B1A10A32DCC}.Release|Any CPU.ActiveCfg = Release|Any CPU
		{99B46BE0-474E-42CA-8541-4B1A10A32DCC}.Release|Any CPU.Build.0 = Release|Any CPU
		{99B46BE0-474E-42CA-8541-4B1A10A32DCC}.Release|x64.ActiveCfg = Release|Any CPU
		{99B46BE0-474E-42CA-8541-4B1A10A32DCC}.Release|x64.Build.0 = Release|Any CPU
		{99B46BE0-474E-42CA-8541-4B1A10A32DCC}.Release|x86.ActiveCfg = Release|Any CPU
		{99B46BE0-474E-42CA-8541-4B1A10A32DCC}.Release|x86.Build.0 = Release|Any CPU
	EndGlobalSection
	GlobalSection(SolutionProperties) = preSolution
		HideSolutionNode = FALSE
	EndGlobalSection
	GlobalSection(NestedProjects) = preSolution
		{0DD72505-5436-441D-9ADC-A1EDB64B1A36} = {827E0CD3-B72D-47B6-A68D-7590B98EB39B}
		{A385258E-CF1E-4BF6-9291-1C4E381EB2AB} = {827E0CD3-B72D-47B6-A68D-7590B98EB39B}
		{502004F8-FD77-4E14-B239-46F8AFDB9590} = {827E0CD3-B72D-47B6-A68D-7590B98EB39B}
		{381CACB1-D569-4662-BFF3-F8BBE3C4B55D} = {827E0CD3-B72D-47B6-A68D-7590B98EB39B}
		{99B46BE0-474E-42CA-8541-4B1A10A32DCC} = {0AB3BF05-4346-4AA6-1389-037BE0695223}
	EndGlobalSection
EndGlobal
